<?xml version="1.0" encoding="utf-8"?>
<Project ToolsVersion="4.0" xmlns="http://schemas.microsoft.com/developer/msbuild/2003">
  <ItemGroup>
    <Filter Include="ソース ファイル">
      <UniqueIdentifier>{4FC737F1-C7A5-4376-A066-2A32D752A2FF}</UniqueIdentifier>
      <Extensions>cpp;c;cc;cxx;def;odl;idl;hpj;bat;asm;asmx</Extensions>
    </Filter>
    <Filter Include="ヘッダー ファイル">
      <UniqueIdentifier>{93995380-89BD-4b04-88EB-625FBE52EBFB}</UniqueIdentifier>
      <Extensions>h;hh;hpp;hxx;hm;inl;inc;ipp;xsd</Extensions>
    </Filter>
    <Filter Include="リソース ファイル">
      <UniqueIdentifier>{67DA6AB6-F800-4c08-8B7A-83BB121AAD01}</UniqueIdentifier>
      <Extensions>rc;ico;cur;bmp;dlg;rc2;rct;bin;rgs;gif;jpg;jpeg;jpe;resx;tiff;tif;png;wav;mfcribbon-ms</Extensions>
    </Filter>
    <Filter Include="Scene">
      <UniqueIdentifier>{0c3d8acc-1a53-437c-9f35-7f54e763ec69}</UniqueIdentifier>
    </Filter>
    <Filter Include="Scene\ヘッダー ファイル">
      <UniqueIdentifier>{45d41b7e-ded7-420f-a344-9cc16b2df455}</UniqueIdentifier>
    </Filter>
    <Filter Include="Scene\ソース ファイル">
      <UniqueIdentifier>{5701f179-1f9c-4ff2-82ab-c57087a6152d}</UniqueIdentifier>
    </Filter>
    <Filter Include="Character">
      <UniqueIdentifier>{bc7ae243-1e7e-4895-99e2-c16914b93851}</UniqueIdentifier>
    </Filter>
    <Filter Include="Character\ヘッダー ファイル">
      <UniqueIdentifier>{c798d5b0-4dbf-418e-b19d-880999dfd4ab}</UniqueIdentifier>
    </Filter>
    <Filter Include="Character\ソース ファイル">
      <UniqueIdentifier>{5c5ec943-333c-4bdb-93ef-fd9dc2ad1838}</UniqueIdentifier>
    </Filter>
    <Filter Include="Block">
      <UniqueIdentifier>{350d577a-334e-4134-b107-758979a2479f}</UniqueIdentifier>
    </Filter>
    <Filter Include="Block\ヘッダー ファイル">
      <UniqueIdentifier>{ea9683c4-62d5-402c-bb66-372d8d00bf0b}</UniqueIdentifier>
    </Filter>
    <Filter Include="Block\ソース ファイル">
      <UniqueIdentifier>{8660794a-1827-446b-b0aa-61dcfdb4b295}</UniqueIdentifier>
    </Filter>
  </ItemGroup>
  <ItemGroup>
    <ClCompile Include="main.cpp">
      <Filter>ソース ファイル</Filter>
    </ClCompile>
    <ClCompile Include="Game.cpp">
      <Filter>ソース ファイル</Filter>
    </ClCompile>
    <ClCompile Include="Peripheral.cpp">
      <Filter>ソース ファイル</Filter>
    </ClCompile>
    <ClCompile Include="Geometry.cpp">
      <Filter>ソース ファイル</Filter>
    </ClCompile>
    <ClCompile Include="Scene\GamePlayingScene.cpp">
      <Filter>Scene\ソース ファイル</Filter>
    </ClCompile>
    <ClCompile Include="Scene\ResultScene.cpp">
      <Filter>Scene\ソース ファイル</Filter>
    </ClCompile>
    <ClCompile Include="Scene\TitleScene.cpp">
      <Filter>Scene\ソース ファイル</Filter>
    </ClCompile>
    <ClCompile Include="Scene\Scene.cpp">
      <Filter>Scene\ソース ファイル</Filter>
    </ClCompile>
    <ClCompile Include="Scene\SceneManager.cpp">
      <Filter>Scene\ソース ファイル</Filter>
    </ClCompile>
    <ClCompile Include="Scene\PauseScene.cpp">
      <Filter>Scene\ソース ファイル</Filter>
    </ClCompile>
    <ClCompile Include="Character\Player.cpp">
      <Filter>Character\ソース ファイル</Filter>
    </ClCompile>
    <ClCompile Include="Character\Actor.cpp">
      <Filter>Character\ソース ファイル</Filter>
    </ClCompile>
    <ClCompile Include="Camera.cpp">
      <Filter>ソース ファイル</Filter>
    </ClCompile>
    <ClCompile Include="BackGround.cpp">
      <Filter>ソース ファイル</Filter>
    </ClCompile>
    <ClCompile Include="Ground.cpp">
      <Filter>ソース ファイル</Filter>
    </ClCompile>
    <ClCompile Include="Stage.cpp">
      <Filter>ソース ファイル</Filter>
    </ClCompile>
    <ClCompile Include="Block\BlockFactory.cpp">
      <Filter>Block\ソース ファイル</Filter>
    </ClCompile>
    <ClCompile Include="Block\Block.cpp">
      <Filter>Block\ソース ファイル</Filter>
    </ClCompile>
    <ClCompile Include="Block\Brick.cpp">
      <Filter>Block\ソース ファイル</Filter>
    </ClCompile>
    <ClCompile Include="Collider.cpp">
      <Filter>ソース ファイル</Filter>
    </ClCompile>
    <ClCompile Include="Block\Slide.cpp">
      <Filter>Block\ソース ファイル</Filter>
    </ClCompile>
    <ClCompile Include="Block\Lift.cpp">
      <Filter>Block\ソース ファイル</Filter>
    </ClCompile>
    <ClCompile Include="Block\Pendulum.cpp">
      <Filter>Block\ソース ファイル</Filter>
    </ClCompile>
  </ItemGroup>
  <ItemGroup>
    <ClInclude Include="Game.h">
      <Filter>ヘッダー ファイル</Filter>
    </ClInclude>
    <ClInclude Include="Peripheral.h">
      <Filter>ヘッダー ファイル</Filter>
    </ClInclude>
    <ClInclude Include="Geometry.h">
      <Filter>ヘッダー ファイル</Filter>
    </ClInclude>
    <ClInclude Include="Scene\GamePlayingScene.h">
      <Filter>Scene\ヘッダー ファイル</Filter>
    </ClInclude>
    <ClInclude Include="Scene\ResultScene.h">
      <Filter>Scene\ヘッダー ファイル</Filter>
    </ClInclude>
    <ClInclude Include="Scene\TitleScene.h">
      <Filter>Scene\ヘッダー ファイル</Filter>
    </ClInclude>
    <ClInclude Include="Scene\Scene.h">
      <Filter>Scene\ヘッダー ファイル</Filter>
    </ClInclude>
    <ClInclude Include="Scene\SceneManager.h">
      <Filter>Scene\ヘッダー ファイル</Filter>
    </ClInclude>
    <ClInclude Include="Scene\PauseScene.h">
      <Filter>Scene\ヘッダー ファイル</Filter>
    </ClInclude>
    <ClInclude Include="Character\Player.h">
      <Filter>Character\ヘッダー ファイル</Filter>
    </ClInclude>
    <ClInclude Include="Character\Actor.h">
      <Filter>Character\ヘッダー ファイル</Filter>
    </ClInclude>
    <ClInclude Include="Camera.h">
      <Filter>ヘッダー ファイル</Filter>
    </ClInclude>
    <ClInclude Include="BackGround.h">
      <Filter>ヘッダー ファイル</Filter>
    </ClInclude>
    <ClInclude Include="Ground.h">
      <Filter>ヘッダー ファイル</Filter>
    </ClInclude>
    <ClInclude Include="Stage.h">
      <Filter>ヘッダー ファイル</Filter>
    </ClInclude>
    <ClInclude Include="resource.h">
      <Filter>ヘッダー ファイル</Filter>
    </ClInclude>
    <ClInclude Include="Block\BlockFactory.h">
      <Filter>Block\ヘッダー ファイル</Filter>
    </ClInclude>
    <ClInclude Include="Block\Block.h">
      <Filter>Block\ヘッダー ファイル</Filter>
    </ClInclude>
    <ClInclude Include="Block\Brick.h">
      <Filter>Block\ヘッダー ファイル</Filter>
    </ClInclude>
    <ClInclude Include="Collider.h">
      <Filter>ヘッダー ファイル</Filter>
    </ClInclude>
    <ClInclude Include="Block\Slide.h">
      <Filter>Block\ヘッダー ファイル</Filter>
    </ClInclude>
    <ClInclude Include="Block\Lift.h">
      <Filter>Block\ヘッダー ファイル</Filter>
    </ClInclude>
    <ClInclude Include="Block\Pendulum.h">
      <Filter>Block\ヘッダー ファイル</Filter>
    </ClInclude>
  </ItemGroup>
  <ItemGroup>
    <ResourceCompile Include="Sonic.rc">
      <Filter>リソース ファイル</Filter>
    </ResourceCompile>
  </ItemGroup>
  <ItemGroup>
    <Image Include="img\squirrel.ico">
      <Filter>リソース ファイル</Filter>
    </Image>
  </ItemGroup>
</Project>